
Microsoft Visual Studio Solution File, Format Version 12.00
# Visual Studio Version 16
VisualStudioVersion = 16.0.31229.75
MinimumVisualStudioVersion = 10.0.40219.1
Project("{2150E333-8FDC-42A3-9474-1A3956D46DE8}") = "Services", "Services", "{712FCB20-D1AD-44AD-B03A-C41AF8D076B1}"
EndProject
Project("{2150E333-8FDC-42A3-9474-1A3956D46DE8}") = "Catalog", "Catalog", "{F66A65D6-47F8-4D39-BDFA-3F7765E95C56}"
EndProject
Project("{9A19103F-16F7-4668-BE54-9A1E7A4F7556}") = "Catalog.API", "Services\Catalog\Catalog.API\Catalog.API.csproj", "{4C7FE305-474E-43D2-B786-5F4C357E560A}"
EndProject
Project("{E53339B2-1760-4266-BCC7-CA923CBCF16C}") = "docker-compose", "docker-compose.dcproj", "{DEB530A1-0619-47D1-9340-A595EA1ADAF7}"
EndProject
Project("{2150E333-8FDC-42A3-9474-1A3956D46DE8}") = "Basket", "Basket", "{F40A2DCB-D1CC-42F7-B2B4-A5A7380B9581}"
EndProject
Project("{9A19103F-16F7-4668-BE54-9A1E7A4F7556}") = "Basket.API", "Services\Basket\Basket.API\Basket.API.csproj", "{7BB50FA5-9FAA-4E99-AEDB-B4D72FCF4D38}"
EndProject
Project("{2150E333-8FDC-42A3-9474-1A3956D46DE8}") = "Discount", "Discount", "{A2F25807-7724-4F91-A6D5-F20E00A02B0B}"
EndProject
Project("{FAE04EC0-301F-11D3-BF4B-00C04F79EFBC}") = "Discount.API", "Services\Discount\Discount.API\Discount.API.csproj", "{0DB2B50B-4237-4A3E-BE23-E792CAC6038F}"
EndProject
Global
	GlobalSection(SolutionConfigurationPlatforms) = preSolution
		Debug|Any CPU = Debug|Any CPU
		Release|Any CPU = Release|Any CPU
	EndGlobalSection
	GlobalSection(ProjectConfigurationPlatforms) = postSolution
		{4C7FE305-474E-43D2-B786-5F4C357E560A}.Debug|Any CPU.ActiveCfg = Debug|Any CPU
		{4C7FE305-474E-43D2-B786-5F4C357E560A}.Debug|Any CPU.Build.0 = Debug|Any CPU
		{4C7FE305-474E-43D2-B786-5F4C357E560A}.Release|Any CPU.ActiveCfg = Release|Any CPU
		{4C7FE305-474E-43D2-B786-5F4C357E560A}.Release|Any CPU.Build.0 = Release|Any CPU
		{DEB530A1-0619-47D1-9340-A595EA1ADAF7}.Debug|Any CPU.ActiveCfg = Debug|Any CPU
		{DEB530A1-0619-47D1-9340-A595EA1ADAF7}.Debug|Any CPU.Build.0 = Debug|Any CPU
		{DEB530A1-0619-47D1-9340-A595EA1ADAF7}.Release|Any CPU.ActiveCfg = Release|Any CPU
		{DEB530A1-0619-47D1-9340-A595EA1ADAF7}.Release|Any CPU.Build.0 = Release|Any CPU
		{7BB50FA5-9FAA-4E99-AEDB-B4D72FCF4D38}.Debug|Any CPU.ActiveCfg = Debug|Any CPU
		{7BB50FA5-9FAA-4E99-AEDB-B4D72FCF4D38}.Debug|Any CPU.Build.0 = Debug|Any CPU
		{7BB50FA5-9FAA-4E99-AEDB-B4D72FCF4D38}.Release|Any CPU.ActiveCfg = Release|Any CPU
		{7BB50FA5-9FAA-4E99-AEDB-B4D72FCF4D38}.Release|Any CPU.Build.0 = Release|Any CPU
		{0DB2B50B-4237-4A3E-BE23-E792CAC6038F}.Debug|Any CPU.ActiveCfg = Debug|Any CPU
		{0DB2B50B-4237-4A3E-BE23-E792CAC6038F}.Debug|Any CPU.Build.0 = Debug|Any CPU
		{0DB2B50B-4237-4A3E-BE23-E792CAC6038F}.Release|Any CPU.ActiveCfg = Release|Any CPU
		{0DB2B50B-4237-4A3E-BE23-E792CAC6038F}.Release|Any CPU.Build.0 = Release|Any CPU
	EndGlobalSection
	GlobalSection(SolutionProperties) = preSolution
		HideSolutionNode = FALSE
	EndGlobalSection
	GlobalSection(NestedProjects) = preSolution
		{F66A65D6-47F8-4D39-BDFA-3F7765E95C56} = {712FCB20-D1AD-44AD-B03A-C41AF8D076B1}
		{4C7FE305-474E-43D2-B786-5F4C357E560A} = {F66A65D6-47F8-4D39-BDFA-3F7765E95C56}
		{F40A2DCB-D1CC-42F7-B2B4-A5A7380B9581} = {712FCB20-D1AD-44AD-B03A-C41AF8D076B1}
		{7BB50FA5-9FAA-4E99-AEDB-B4D72FCF4D38} = {F40A2DCB-D1CC-42F7-B2B4-A5A7380B9581}
		{A2F25807-7724-4F91-A6D5-F20E00A02B0B} = {712FCB20-D1AD-44AD-B03A-C41AF8D076B1}
		{0DB2B50B-4237-4A3E-BE23-E792CAC6038F} = {A2F25807-7724-4F91-A6D5-F20E00A02B0B}
	EndGlobalSection
	GlobalSection(ExtensibilityGlobals) = postSolution
		SolutionGuid = {6797987C-83EF-4C46-ABC7-3FD124C911F1}
	EndGlobalSection
EndGlobal
